{
  "version": 4,
  "terraform_version": "1.16.2",
  "serial": 70,
  "lineage": "9558fa4f-8990-274a-0e4c-48cc7251ceb5",
  "outputs": {
    "cloudwatch_dashboard_arn": {
      "value": "arn:aws:cloudwatch::097433159208:dashboard/workflow-demo-dev-observability",
      "type": "string"
    },
    "cloudwatch_dashboard_name": {
      "value": "workflow-demo-dev-observability",
      "type": "string"
    },
    "dlq_alarm_arn": {
      "value": "arn:aws:cloudwatch:us-east-1:097433159208:alarm:workflow-demo-dev-dlq",
      "type": "string"
    },
    "dlq_arn": {
      "value": "arn:aws:sqs:us-east-1:097433159208:workflow-demo-dev-orders-dlq.fifo",
      "type": "string"
    },
    "dlq_url": {
      "value": "https://sqs.us-east-1.amazonaws.com/097433159208/workflow-demo-dev-orders-dlq.fifo",
      "type": "string"
    },
    "dynamodb_table": {
      "value": "workflow-demo-dev-idempotency",
      "type": "string"
    },
    "dynamodb_throttle_alarm_arn": {
      "value": "arn:aws:cloudwatch:us-east-1:097433159208:alarm:workflow-demo-dev-dynamodb-throttles",
      "type": "string"
    },
    "lambda_arn": {
      "value": "arn:aws:lambda:us-east-1:097433159208:function:workflow-demo-dev-orders-consumer",
      "type": "string"
    },
    "lambda_error_alarm_arn": {
      "value": "arn:aws:cloudwatch:us-east-1:097433159208:alarm:workflow-demo-dev-lambda-errors",
      "type": "string"
    },
    "lambda_log_group": {
      "value": "/aws/lambda/workflow-demo-dev-orders-consumer",
      "type": "string"
    },
    "lambda_name": {
      "value": "workflow-demo-dev-orders-consumer",
      "type": "string"
    },
    "lambda_throttle_alarm_arn": {
      "value": "arn:aws:cloudwatch:us-east-1:097433159208:alarm:workflow-demo-dev-lambda-throttles",
      "type": "string"
    },
    "queue_arn": {
      "value": "arn:aws:sqs:us-east-1:097433159208:workflow-demo-dev-orders.fifo",
      "type": "string"
    },
    "queue_url": {
      "value": "https://sqs.us-east-1.amazonaws.com/097433159208/workflow-demo-dev-orders.fifo",
      "type": "string"
    },
    "sns_alerts_topic_arn": {
      "value": "arn:aws:sns:us-east-1:097433159208:workflow-demo-dev-observability-alerts",
      "type": "string"
    },
    "sqs_backlog_alarm_arn": {
      "value": "arn:aws:cloudwatch:us-east-1:097433159208:alarm:workflow-demo-dev-sqs-backlog",
      "type": "string"
    },
    "sqs_oldest_message_alarm_arn": {
      "value": "arn:aws:cloudwatch:us-east-1:097433159208:alarm:workflow-demo-dev-sqs-oldest-message",
      "type": "string"
    }
  },
  "resources": [
    {
      "mode": "data",
      "type": "archive_file",
      "name": "lambda_zip",
      "provider": "provider[\"registry.terraform.io/hashicorp/archive\"]",
      "instances": [
        {
          "schema_version": 0,
          "attributes": {
            "exclude_symlink_directories": null,
            "excludes": null,
            "id": "c671846e7cd9410a1c63417c149cda34c614a466",
            "output_base64sha256": "yozRRQNXzesZNErbDHIyoZCodGizOiMeyxRCbcpHNug=",
            "output_base64sha512": "cyIL09AB9GfCOdcl3Nqazp78XgK/aN+TjhqpDVcUenNa4OpvWFWC/h0gSjNEE8wK8xC7fNA1ZhPcVtbQBF68iQ==",
            "output_file_mode": null,
            "output_md5": "16534916ffa951d75a29ee02af67075e",
            "output_path": "./lambda.zip",
            "output_sha": "c671846e7cd9410a1c63417c149cda34c614a466",
            "output_sha256": "ca8cd1450357cdeb19344adb0c7232a190a87468b33a231ecb14426dca4736e8",
            "output_sha512": "73220bd3d001f467c239d725dcda9ace9efc5e02bf68df938e1aa90d57147a735ae0ea6f585582fe1d204a334413cc0af310bb7cd0356613dc56d6d0045ebc89",
            "output_size": 2536,
            "source": [],
            "source_content": null,
            "source_content_filename": null,
            "source_dir": "./lambda",
            "source_file": null,
            "type": "zip"
          },
          "sensitive_attributes": [],
          "identity_schema_version": 0
        }
      ]
    },
    {
      "mode": "data",
      "type": "aws_caller_identity",
      "name": "current",
      "provider": "provider[\"registry.terraform.io/hashicorp/aws\"]",
      "instances": [
        {
          "schema_version": 0,
          "attributes": {
            "account_id": "097433159208",
            "arn": "arn:aws:iam::097433159208:user/Terraform_tst",
            "id": "097433159208",
            "user_id": "AIDARNL3YAYUNNMH5RX34"
          },
          "sensitive_attributes": [],
          "identity_schema_version": 0
        }
      ]
    },
    {
      "mode": "managed",
      "type": "aws_cloudwatch_dashboard",
      "name": "workflow",
      "provider": "provider[\"registry.terraform.io/hashicorp/aws\"]",
      "instances": [
        {
          "schema_version": 0,
          "attributes": {
            "dashboard_arn": "arn:aws:cloudwatch::097433159208:dashboard/workflow-demo-dev-observability",
            "dashboard_body": "{\"widgets\":[{\"height\":6,\"properties\":{\"metrics\":[[\"AWS/Lambda\",\"Invocations\",\"FunctionName\",\"workflow-demo-dev-orders-consumer\"],[\".\",\"Errors\",\".\",\".\"],[\".\",\"Throttles\",\".\",\".\"]],\"period\":60,\"region\":\"us-east-1\",\"stacked\":false,\"stat\":\"Sum\",\"title\":\"Lambda - Invocations / Errors / Throttles\",\"view\":\"timeSeries\"},\"type\":\"metric\",\"width\":12,\"x\":0,\"y\":0},{\"height\":6,\"properties\":{\"metrics\":[[\"AWS/Lambda\",\"Duration\",\"FunctionName\",\"workflow-demo-dev-orders-consumer\"]],\"period\":60,\"region\":\"us-east-1\",\"stat\":\"Average\",\"title\":\"Lambda - Duration\",\"view\":\"timeSeries\"},\"type\":\"metric\",\"width\":12,\"x\":12,\"y\":0},{\"height\":6,\"properties\":{\"metrics\":[[\"AWS/SQS\",\"ApproximateNumberOfMessagesVisible\",\"QueueName\",\"workflow-demo-dev-orders.fifo\"]],\"period\":60,\"region\":\"us-east-1\",\"stat\":\"Maximum\",\"title\":\"SQS - Backlog\",\"view\":\"timeSeries\"},\"type\":\"metric\",\"width\":12,\"x\":0,\"y\":6},{\"height\":6,\"properties\":{\"metrics\":[[\"AWS/SQS\",\"ApproximateAgeOfOldestMessage\",\"QueueName\",\"workflow-demo-dev-orders.fifo\"]],\"period\":60,\"region\":\"us-east-1\",\"stat\":\"Maximum\",\"title\":\"SQS - Oldest Message\",\"view\":\"timeSeries\"},\"type\":\"metric\",\"width\":12,\"x\":12,\"y\":6},{\"height\":6,\"properties\":{\"metrics\":[[\"AWS/SQS\",\"ApproximateNumberOfMessagesVisible\",\"QueueName\",\"workflow-demo-dev-orders-dlq.fifo\"]],\"period\":60,\"region\":\"us-east-1\",\"stat\":\"Maximum\",\"title\":\"DLQ\",\"view\":\"timeSeries\"},\"type\":\"metric\",\"width\":12,\"x\":0,\"y\":12},{\"height\":6,\"properties\":{\"metrics\":[[\"AWS/DynamoDB\",\"ThrottledRequests\",\"TableName\",\"workflow-demo-dev-idempotency\"]],\"period\":60,\"region\":\"us-east-1\",\"stat\":\"Sum\",\"title\":\"DynamoDB - Throttling\",\"view\":\"timeSeries\"},\"type\":\"metric\",\"width\":12,\"x\":12,\"y\":12},{\"height\":6,\"properties\":{\"query\":\"SOURCE '/aws/lambda/workflow-demo-dev-orders-consumer'\\r\\n| fields @timestamp, level, message, correlation_id, order_id, error_type, error\\r\\n| filter level = \\\"ERROR\\\"\\r\\n| sort @timestamp desc\\r\\n| limit 50\\r\\n\",\"region\":\"us-east-1\",\"title\":\"Application Errors\"},\"type\":\"log\",\"width\":24,\"x\":0,\"y\":18}]}",
            "dashboard_name": "workflow-demo-dev-observability",
            "id": "workflow-demo-dev-observability",
            "region": "us-east-1"
          },
          "sensitive_attributes": [],
          "identity_schema_version": 0,
          "identity": {
            "account_id": "097433159208",
            "dashboard_name": "workflow-demo-dev-observability",
            "region": "us-east-1"
          },
          "private": "bnVsbA==",
          "dependencies": [
            "aws_cloudwatch_log_group.lambda",
            "aws_dynamodb_table.idempotency",
            "aws_iam_role.lambda",
            "aws_lambda_function.orders_consumer",
            "aws_sqs_queue.orders",
            "aws_sqs_queue.orders_dlq",
            "data.archive_file.lambda_zip"
          ]
        }
      ]
    },
    {
      "mode": "managed",
      "type": "aws_cloudwatch_log_group",
      "name": "lambda",
      "provider": "provider[\"registry.terraform.io/hashicorp/aws\"]",
      "instances": [
        {
          "schema_version": 0,
          "attributes": {
            "arn": "arn:aws:logs:us-east-1:097433159208:log-group:/aws/lambda/workflow-demo-dev-orders-consumer",
            "deletion_protection_enabled": false,
            "id": "/aws/lambda/workflow-demo-dev-orders-consumer",
            "kms_key_id": "",
            "log_group_class": "STANDARD",
            "name": "/aws/lambda/workflow-demo-dev-orders-consumer",
            "name_prefix": "",
            "region": "us-east-1",
            "retention_in_days": 30,
            "skip_destroy": false,
            "tags": {
              "Component": "logging",
              "Environment": "dev",
              "ManagedBy": "terraform",
              "Project": "workflow-demo",
              "Service": "orders-workflow"
            },
            "tags_all": {
              "Component": "logging",
              "Environment": "dev",
              "ManagedBy": "terraform",
              "Project": "workflow-demo",
              "Service": "orders-workflow"
            }
          },
          "sensitive_attributes": [],
          "identity_schema_version": 0,
          "identity": {
            "account_id": "097433159208",
            "name": "/aws/lambda/workflow-demo-dev-orders-consumer",
            "region": "us-east-1"
          },
          "private": "bnVsbA=="
        }
      ]
    },
    {
      "mode": "managed",
      "type": "aws_cloudwatch_metric_alarm",
      "name": "dlq_messages",
      "provider": "provider[\"registry.terraform.io/hashicorp/aws\"]",
      "instances": [
        {
          "index_key": 0,
          "schema_version": 1,
          "attributes": {
            "actions_enabled": true,
            "alarm_actions": [
              "arn:aws:sns:us-east-1:097433159208:workflow-demo-dev-observability-alerts"
            ],
            "alarm_description": "Detecta mensagens na Dead Letter Queue.",
            "alarm_name": "workflow-demo-dev-dlq",
            "arn": "arn:aws:cloudwatch:us-east-1:097433159208:alarm:workflow-demo-dev-dlq",
            "comparison_operator": "GreaterThanOrEqualToThreshold",
            "datapoints_to_alarm": 0,
            "dimensions": {
              "QueueName": "workflow-demo-dev-orders-dlq.fifo"
            },
            "evaluate_low_sample_count_percentiles": "",
            "evaluation_criteria": [],
            "evaluation_interval": 0,
            "evaluation_periods": 1,
            "extended_statistic": "",
            "id": "workflow-demo-dev-dlq",
            "insufficient_data_actions": [],
            "metric_name": "ApproximateNumberOfMessagesVisible",
            "metric_query": [],
            "namespace": "AWS/SQS",
            "ok_actions": [],
            "period": 60,
            "region": "us-east-1",
            "statistic": "Maximum",
            "tags": {
              "Component": "alarm",
              "Environment": "dev",
              "ManagedBy": "terraform",
              "Project": "workflow-demo",
              "Service": "orders-workflow"
            },
            "tags_all": {
              "Component": "alarm",
              "Environment": "dev",
              "ManagedBy": "terraform",
              "Project": "workflow-demo",
              "Service": "orders-workflow"
            },
            "threshold": 1,
            "threshold_metric_id": "",
            "treat_missing_data": "notBreaching",
            "unit": "",
            "warm_up_configuration": []
          },
          "sensitive_attributes": [],
          "identity_schema_version": 0,
          "identity": {
            "account_id": "097433159208",
            "alarm_name": "workflow-demo-dev-dlq",
            "region": "us-east-1"
          },
          "private": "eyJzY2hlbWFfdmVyc2lvbiI6IjEifQ==",
          "dependencies": [
            "aws_sns_topic.alerts",
            "aws_sqs_queue.orders_dlq"
          ]
        }
      ]
    },
    {
      "mode": "managed",
      "type": "aws_cloudwatch_metric_alarm",
      "name": "dynamodb_throttles",
      "provider": "provider[\"registry.terraform.io/hashicorp/aws\"]",
      "instances": [
        {
          "index_key": 0,
          "schema_version": 1,
          "attributes": {
            "actions_enabled": true,
            "alarm_actions": [
              "arn:aws:sns:us-east-1:097433159208:workflow-demo-dev-observability-alerts"
            ],
            "alarm_description": "Detecta throttling na tabela DynamoDB.",
            "alarm_name": "workflow-demo-dev-dynamodb-throttles",
            "arn": "arn:aws:cloudwatch:us-east-1:097433159208:alarm:workflow-demo-dev-dynamodb-throttles",
            "comparison_operator": "GreaterThanOrEqualToThreshold",
            "datapoints_to_alarm": 0,
            "dimensions": {
              "TableName": "workflow-demo-dev-idempotency"
            },
            "evaluate_low_sample_count_percentiles": "",
            "evaluation_criteria": [],
            "evaluation_interval": 0,
            "evaluation_periods": 1,
            "extended_statistic": "",
            "id": "workflow-demo-dev-dynamodb-throttles",
            "insufficient_data_actions": [],
            "metric_name": "ThrottledRequests",
            "metric_query": [],
            "namespace": "AWS/DynamoDB",
            "ok_actions": [],
            "period": 60,
            "region": "us-east-1",
            "statistic": "Sum",
            "tags": {
              "Component": "alarm",
              "Environment": "dev",
              "ManagedBy": "terraform",
              "Project": "workflow-demo",
              "Service": "orders-workflow"
            },
            "tags_all": {
              "Component": "alarm",
              "Environment": "dev",
              "ManagedBy": "terraform",
              "Project": "workflow-demo",
              "Service": "orders-workflow"
            },
            "threshold": 1,
            "threshold_metric_id": "",
            "treat_missing_data": "notBreaching",
            "unit": "",
            "warm_up_configuration": []
          },
          "sensitive_attributes": [],
          "identity_schema_version": 0,
          "identity": {
            "account_id": "097433159208",
            "alarm_name": "workflow-demo-dev-dynamodb-throttles",
            "region": "us-east-1"
          },
          "private": "eyJzY2hlbWFfdmVyc2lvbiI6IjEifQ==",
          "dependencies": [
            "aws_dynamodb_table.idempotency",
            "aws_sns_topic.alerts"
          ]
        }
      ]
    },
    {
      "mode": "managed",
      "type": "aws_cloudwatch_metric_alarm",
      "name": "lambda_errors",
      "provider": "provider[\"registry.terraform.io/hashicorp/aws\"]",
      "instances": [
        {
          "index_key": 0,
          "schema_version": 1,
          "attributes": {
            "actions_enabled": true,
            "alarm_actions": [
              "arn:aws:sns:us-east-1:097433159208:workflow-demo-dev-observability-alerts"
            ],
            "alarm_description": "Detecta erros na Lambda de processamento.",
            "alarm_name": "workflow-demo-dev-lambda-errors",
            "arn": "arn:aws:cloudwatch:us-east-1:097433159208:alarm:workflow-demo-dev-lambda-errors",
            "comparison_operator": "GreaterThanOrEqualToThreshold",
            "datapoints_to_alarm": 0,
            "dimensions": {
              "FunctionName": "workflow-demo-dev-orders-consumer"
            },
            "evaluate_low_sample_count_percentiles": "",
            "evaluation_criteria": [],
            "evaluation_interval": 0,
            "evaluation_periods": 1,
            "extended_statistic": "",
            "id": "workflow-demo-dev-lambda-errors",
            "insufficient_data_actions": [],
            "metric_name": "Errors",
            "metric_query": [],
            "namespace": "AWS/Lambda",
            "ok_actions": [],
            "period": 60,
            "region": "us-east-1",
            "statistic": "Sum",
            "tags": {
              "Component": "alarm",
              "Environment": "dev",
              "ManagedBy": "terraform",
              "Project": "workflow-demo",
              "Service": "orders-workflow"
            },
            "tags_all": {
              "Component": "alarm",
              "Environment": "dev",
              "ManagedBy": "terraform",
              "Project": "workflow-demo",
              "Service": "orders-workflow"
            },
            "threshold": 1,
            "threshold_metric_id": "",
            "treat_missing_data": "notBreaching",
            "unit": "",
            "warm_up_configuration": []
          },
          "sensitive_attributes": [],
          "identity_schema_version": 0,
          "identity": {
            "account_id": "097433159208",
            "alarm_name": "workflow-demo-dev-lambda-errors",
            "region": "us-east-1"
          },
          "private": "eyJzY2hlbWFfdmVyc2lvbiI6IjEifQ==",
          "dependencies": [
            "aws_cloudwatch_log_group.lambda",
            "aws_dynamodb_table.idempotency",
            "aws_iam_role.lambda",
            "aws_lambda_function.orders_consumer",
            "aws_sns_topic.alerts",
            "data.archive_file.lambda_zip"
          ]
        }
      ]
    },
    {
      "mode": "managed",
      "type": "aws_cloudwatch_metric_alarm",
      "name": "lambda_throttles",
      "provider": "provider[\"registry.terraform.io/hashicorp/aws\"]",
      "instances": [
        {
          "index_key": 0,
          "schema_version": 1,
          "attributes": {
            "actions_enabled": true,
            "alarm_actions": [
              "arn:aws:sns:us-east-1:097433159208:workflow-demo-dev-observability-alerts"
            ],
            "alarm_description": "Detecta throttling da Lambda.",
            "alarm_name": "workflow-demo-dev-lambda-throttles",
            "arn": "arn:aws:cloudwatch:us-east-1:097433159208:alarm:workflow-demo-dev-lambda-throttles",
            "comparison_operator": "GreaterThanOrEqualToThreshold",
            "datapoints_to_alarm": 0,
            "dimensions": {
              "FunctionName": "workflow-demo-dev-orders-consumer"
            },
            "evaluate_low_sample_count_percentiles": "",
            "evaluation_criteria": [],
            "evaluation_interval": 0,
            "evaluation_periods": 1,
            "extended_statistic": "",
            "id": "workflow-demo-dev-lambda-throttles",
            "insufficient_data_actions": [],
            "metric_name": "Throttles",
            "metric_query": [],
            "namespace": "AWS/Lambda",
            "ok_actions": [],
            "period": 60,
            "region": "us-east-1",
            "statistic": "Sum",
            "tags": {
              "Component": "alarm",
              "Environment": "dev",
              "ManagedBy": "terraform",
              "Project": "workflow-demo",
              "Service": "orders-workflow"
            },
            "tags_all": {
              "Component": "alarm",
              "Environment": "dev",
              "ManagedBy": "terraform",
              "Project": "workflow-demo",
              "Service": "orders-workflow"
            },
            "threshold": 1,
            "threshold_metric_id": "",
            "treat_missing_data": "notBreaching",
            "unit": "",
            "warm_up_configuration": []
          },
          "sensitive_attributes": [],
          "identity_schema_version": 0,
          "identity": {
            "account_id": "097433159208",
            "alarm_name": "workflow-demo-dev-lambda-throttles",
            "region": "us-east-1"
          },
          "private": "eyJzY2hlbWFfdmVyc2lvbiI6IjEifQ==",
          "dependencies": [
            "aws_cloudwatch_log_group.lambda",
            "aws_dynamodb_table.idempotency",
            "aws_iam_role.lambda",
            "aws_lambda_function.orders_consumer",
            "aws_sns_topic.alerts",
            "data.archive_file.lambda_zip"
          ]
        }
      ]
    },
    {
      "mode": "managed",
      "type": "aws_cloudwatch_metric_alarm",
      "name": "sqs_backlog",
      "provider": "provider[\"registry.terraform.io/hashicorp/aws\"]",
      "instances": [
        {
          "index_key": 0,
          "schema_version": 1,
          "attributes": {
            "actions_enabled": true,
            "alarm_actions": [
              "arn:aws:sns:us-east-1:097433159208:workflow-demo-dev-observability-alerts"
            ],
            "alarm_description": "Detecta crescimento do backlog da fila.",
            "alarm_name": "workflow-demo-dev-sqs-backlog",
            "arn": "arn:aws:cloudwatch:us-east-1:097433159208:alarm:workflow-demo-dev-sqs-backlog",
            "comparison_operator": "GreaterThanOrEqualToThreshold",
            "datapoints_to_alarm": 0,
            "dimensions": {
              "QueueName": "workflow-demo-dev-orders.fifo"
            },
            "evaluate_low_sample_count_percentiles": "",
            "evaluation_criteria": [],
            "evaluation_interval": 0,
            "evaluation_periods": 3,
            "extended_statistic": "",
            "id": "workflow-demo-dev-sqs-backlog",
            "insufficient_data_actions": [],
            "metric_name": "ApproximateNumberOfMessagesVisible",
            "metric_query": [],
            "namespace": "AWS/SQS",
            "ok_actions": [],
            "period": 60,
            "region": "us-east-1",
            "statistic": "Maximum",
            "tags": {
              "Component": "alarm",
              "Environment": "dev",
              "ManagedBy": "terraform",
              "Project": "workflow-demo",
              "Service": "orders-workflow"
            },
            "tags_all": {
              "Component": "alarm",
              "Environment": "dev",
              "ManagedBy": "terraform",
              "Project": "workflow-demo",
              "Service": "orders-workflow"
            },
            "threshold": 100,
            "threshold_metric_id": "",
            "treat_missing_data": "notBreaching",
            "unit": "",
            "warm_up_configuration": []
          },
          "sensitive_attributes": [],
          "identity_schema_version": 0,
          "identity": {
            "account_id": "097433159208",
            "alarm_name": "workflow-demo-dev-sqs-backlog",
            "region": "us-east-1"
          },
          "private": "eyJzY2hlbWFfdmVyc2lvbiI6IjEifQ==",
          "dependencies": [
            "aws_sns_topic.alerts",
            "aws_sqs_queue.orders",
            "aws_sqs_queue.orders_dlq"
          ]
        }
      ]
    },
    {
      "mode": "managed",
      "type": "aws_cloudwatch_metric_alarm",
      "name": "sqs_oldest_message",
      "provider": "provider[\"registry.terraform.io/hashicorp/aws\"]",
      "instances": [
        {
          "index_key": 0,
          "schema_version": 1,
          "attributes": {
            "actions_enabled": true,
            "alarm_actions": [
              "arn:aws:sns:us-east-1:097433159208:workflow-demo-dev-observability-alerts"
            ],
            "alarm_description": "Detecta mensagens aguardando processamento por muito tempo.",
            "alarm_name": "workflow-demo-dev-sqs-oldest-message",
            "arn": "arn:aws:cloudwatch:us-east-1:097433159208:alarm:workflow-demo-dev-sqs-oldest-message",
            "comparison_operator": "GreaterThanOrEqualToThreshold",
            "datapoints_to_alarm": 0,
            "dimensions": {
              "QueueName": "workflow-demo-dev-orders.fifo"
            },
            "evaluate_low_sample_count_percentiles": "",
            "evaluation_criteria": [],
            "evaluation_interval": 0,
            "evaluation_periods": 3,
            "extended_statistic": "",
            "id": "workflow-demo-dev-sqs-oldest-message",
            "insufficient_data_actions": [],
            "metric_name": "ApproximateAgeOfOldestMessage",
            "metric_query": [],
            "namespace": "AWS/SQS",
            "ok_actions": [],
            "period": 60,
            "region": "us-east-1",
            "statistic": "Maximum",
            "tags": {
              "Component": "alarm",
              "Environment": "dev",
              "ManagedBy": "terraform",
              "Project": "workflow-demo",
              "Service": "orders-workflow"
            },
            "tags_all": {
              "Component": "alarm",
              "Environment": "dev",
              "ManagedBy": "terraform",
              "Project": "workflow-demo",
              "Service": "orders-workflow"
            },
            "threshold": 300,
            "threshold_metric_id": "",
            "treat_missing_data": "notBreaching",
            "unit": "",
            "warm_up_configuration": []
          },
          "sensitive_attributes": [],
          "identity_schema_version": 0,
          "identity": {
            "account_id": "097433159208",
            "alarm_name": "workflow-demo-dev-sqs-oldest-message",
            "region": "us-east-1"
          },
          "private": "eyJzY2hlbWFfdmVyc2lvbiI6IjEifQ==",
          "dependencies": [
            "aws_sns_topic.alerts",
            "aws_sqs_queue.orders",
            "aws_sqs_queue.orders_dlq"
          ]
        }
      ]
    },
    {
      "mode": "managed",
      "type": "aws_dynamodb_table",
      "name": "idempotency",
      "provider": "provider[\"registry.terraform.io/hashicorp/aws\"]",
      "instances": [
        {
          "schema_version": 1,
          "attributes": {
            "arn": "arn:aws:dynamodb:us-east-1:097433159208:table/workflow-demo-dev-idempotency",
            "attribute": [
              {
                "name": "idempotency_key",
                "type": "S"
              }
            ],
            "billing_mode": "PAY_PER_REQUEST",
            "deletion_protection_enabled": false,
            "global_secondary_index": [],
            "global_table_witness": [],
            "hash_key": "idempotency_key",
            "id": "workflow-demo-dev-idempotency",
            "import_table": [],
            "local_secondary_index": [],
            "name": "workflow-demo-dev-idempotency",
            "on_demand_throughput": [],
            "point_in_time_recovery": [
              {
                "enabled": false,
                "recovery_period_in_days": 0
              }
            ],
            "range_key": null,
            "read_capacity": 0,
            "region": "us-east-1",
            "replica": [],
            "restore_backup_arn": null,
            "restore_date_time": null,
            "restore_source_name": null,
            "restore_source_table_arn": null,
            "restore_to_latest_time": null,
            "server_side_encryption": [],
            "stream_arn": "",
            "stream_enabled": false,
            "stream_label": "",
            "stream_view_type": "",
            "table_class": "STANDARD",
            "tags": {
              "Component": "dynamodb",
              "Environment": "dev",
              "ManagedBy": "terraform",
              "Project": "workflow-demo",
              "Service": "orders-workflow"
            },
            "tags_all": {
              "Component": "dynamodb",
              "Environment": "dev",
              "ManagedBy": "terraform",
              "Project": "workflow-demo",
              "Service": "orders-workflow"
            },
            "timeouts": null,
            "ttl": [
              {
                "attribute_name": "expires_at",
                "enabled": true
              }
            ],
            "warm_throughput": [],
            "write_capacity": 0
          },
          "sensitive_attributes": [],
          "identity_schema_version": 0,
          "identity": {
            "account_id": "097433159208",
            "name": "workflow-demo-dev-idempotency",
            "region": "us-east-1"
          },
          "private": "eyJlMmJmYjczMC1lY2FhLTExZTYtOGY4OC0zNDM2M2JjN2M0YzAiOnsiY3JlYXRlIjoxODAwMDAwMDAwMDAwLCJkZWxldGUiOjYwMDAwMDAwMDAwMCwidXBkYXRlIjozNjAwMDAwMDAwMDAwfSwic2NoZW1hX3ZlcnNpb24iOiIxIn0="
        }
      ]
    },
    {
      "mode": "managed",
      "type": "aws_iam_role",
      "name": "lambda",
      "provider": "provider[\"registry.terraform.io/hashicorp/aws\"]",
      "instances": [
        {
          "schema_version": 0,
          "attributes": {
            "arn": "arn:aws:iam::097433159208:role/workflow-demo-dev-lambda-role",
            "assume_role_policy": "{\"Statement\":[{\"Action\":\"sts:AssumeRole\",\"Effect\":\"Allow\",\"Principal\":{\"Service\":\"lambda.amazonaws.com\"}}],\"Version\":\"2012-10-17\"}",
            "create_date": "2026-09-10T23:00:23Z",
            "description": "",
            "force_detach_policies": false,
            "id": "workflow-demo-dev-lambda-role",
            "inline_policy": [
              {
                "name": "workflow-demo-dev-lambda-dynamodb",
                "policy": "{\"Version\":\"2012-10-17\",\"Statement\":[{\"Action\":[\"dynamodb:GetItem\",\"dynamodb:PutItem\",\"dynamodb:UpdateItem\"],\"Effect\":\"Allow\",\"Resource\":\"arn:aws:dynamodb:us-east-1:097433159208:table/workflow-demo-dev-idempotency\"}]}"
              },
              {
                "name": "workflow-demo-dev-lambda-logs",
                "policy": "{\"Version\":\"2012-10-17\",\"Statement\":[{\"Action\":[\"logs:CreateLogGroup\",\"logs:CreateLogStream\",\"logs:PutLogEvents\"],\"Effect\":\"Allow\",\"Resource\":\"*\"}]}"
              },
              {
                "name": "workflow-demo-dev-lambda-sqs",
                "policy": "{\"Version\":\"2012-10-17\",\"Statement\":[{\"Action\":[\"sqs:ReceiveMessage\",\"sqs:DeleteMessage\",\"sqs:GetQueueAttributes\"],\"Effect\":\"Allow\",\"Resource\":\"arn:aws:sqs:us-east-1:097433159208:workflow-demo-dev-orders.fifo\"}]}"
              }
            ],
            "managed_policy_arns": [],
            "max_session_duration": 3600,
            "name": "workflow-demo-dev-lambda-role",
            "name_prefix": "",
            "path": "/",
            "permissions_boundary": "",
            "tags": {
              "Environment": "dev",
              "ManagedBy": "terraform",
              "Project": "workflow-demo",
              "Service": "orders-workflow"
            },
            "tags_all": {
              "Environment": "dev",
              "ManagedBy": "terraform",
              "Project": "workflow-demo",
              "Service": "orders-workflow"
            },
            "unique_id": "AROARNL3YAYUK2KXLR4LV"
          },
          "sensitive_attributes": [],
          "identity_schema_version": 0,
          "identity": {
            "account_id": "097433159208",
            "name": "workflow-demo-dev-lambda-role"
          },
          "private": "bnVsbA=="
        }
      ]
    },
    {
      "mode": "managed",
      "type": "aws_iam_role_policy",
      "name": "lambda_dynamodb",
      "provider": "provider[\"registry.terraform.io/hashicorp/aws\"]",
      "instances": [
        {
          "schema_version": 0,
          "attributes": {
            "id": "workflow-demo-dev-lambda-role:workflow-demo-dev-lambda-dynamodb",
            "name": "workflow-demo-dev-lambda-dynamodb",
            "name_prefix": "",
            "policy": "{\"Version\":\"2012-10-17\",\"Statement\":[{\"Action\":[\"dynamodb:GetItem\",\"dynamodb:PutItem\",\"dynamodb:UpdateItem\"],\"Effect\":\"Allow\",\"Resource\":\"arn:aws:dynamodb:us-east-1:097433159208:table/workflow-demo-dev-idempotency\"}]}",
            "role": "workflow-demo-dev-lambda-role"
          },
          "sensitive_attributes": [],
          "identity_schema_version": 0,
          "identity": {
            "account_id": "097433159208",
            "name": "workflow-demo-dev-lambda-dynamodb",
            "role": "workflow-demo-dev-lambda-role"
          },
          "private": "bnVsbA==",
          "dependencies": [
            "aws_dynamodb_table.idempotency",
            "aws_iam_role.lambda"
          ]
        }
      ]
    },
    {
      "mode": "managed",
      "type": "aws_iam_role_policy",
      "name": "lambda_logs",
      "provider": "provider[\"registry.terraform.io/hashicorp/aws\"]",
      "instances": [
        {
          "schema_version": 0,
          "attributes": {
            "id": "workflow-demo-dev-lambda-role:workflow-demo-dev-lambda-logs",
            "name": "workflow-demo-dev-lambda-logs",
            "name_prefix": "",
            "policy": "{\"Version\":\"2012-10-17\",\"Statement\":[{\"Action\":[\"logs:CreateLogGroup\",\"logs:CreateLogStream\",\"logs:PutLogEvents\"],\"Effect\":\"Allow\",\"Resource\":\"*\"}]}",
            "role": "workflow-demo-dev-lambda-role"
          },
          "sensitive_attributes": [],
          "identity_schema_version": 0,
          "identity": {
            "account_id": "097433159208",
            "name": "workflow-demo-dev-lambda-logs",
            "role": "workflow-demo-dev-lambda-role"
          },
          "private": "bnVsbA==",
          "dependencies": [
            "aws_iam_role.lambda"
          ]
        }
      ]
    },
    {
      "mode": "managed",
      "type": "aws_iam_role_policy",
      "name": "lambda_sqs",
      "provider": "provider[\"registry.terraform.io/hashicorp/aws\"]",
      "instances": [
        {
          "schema_version": 0,
          "attributes": {
            "id": "workflow-demo-dev-lambda-role:workflow-demo-dev-lambda-sqs",
            "name": "workflow-demo-dev-lambda-sqs",
            "name_prefix": "",
            "policy": "{\"Version\":\"2012-10-17\",\"Statement\":[{\"Action\":[\"sqs:ReceiveMessage\",\"sqs:DeleteMessage\",\"sqs:GetQueueAttributes\"],\"Effect\":\"Allow\",\"Resource\":\"arn:aws:sqs:us-east-1:097433159208:workflow-demo-dev-orders.fifo\"}]}",
            "role": "workflow-demo-dev-lambda-role"
          },
          "sensitive_attributes": [],
          "identity_schema_version": 0,
          "identity": {
            "account_id": "097433159208",
            "name": "workflow-demo-dev-lambda-sqs",
            "role": "workflow-demo-dev-lambda-role"
          },
          "private": "bnVsbA==",
          "dependencies": [
            "aws_iam_role.lambda",
            "aws_sqs_queue.orders",
            "aws_sqs_queue.orders_dlq"
          ]
        }
      ]
    },
    {
      "mode": "managed",
      "type": "aws_lambda_event_source_mapping",
      "name": "orders",
      "provider": "provider[\"registry.terraform.io/hashicorp/aws\"]",
      "instances": [
        {
          "schema_version": 0,
          "attributes": {
            "amazon_managed_kafka_event_source_config": [],
            "arn": "arn:aws:lambda:us-east-1:097433159208:event-source-mapping:2317804c-96ad-468c-b168-bb6e7ecfd877",
            "batch_size": 1,
            "bisect_batch_on_function_error": false,
            "destination_config": [],
            "document_db_event_source_config": [],
            "enabled": true,
            "event_source_arn": "arn:aws:sqs:us-east-1:097433159208:workflow-demo-dev-orders.fifo",
            "filter_criteria": [],
            "function_arn": "arn:aws:lambda:us-east-1:097433159208:function:workflow-demo-dev-orders-consumer",
            "function_name": "arn:aws:lambda:us-east-1:097433159208:function:workflow-demo-dev-orders-consumer",
            "function_response_types": [
              "ReportBatchItemFailures"
            ],
            "id": "2317804c-96ad-468c-b168-bb6e7ecfd877",
            "kms_key_arn": "",
            "last_modified": "2026-09-10T23:01:25Z",
            "last_processing_result": "",
            "maximum_batching_window_in_seconds": 0,
            "maximum_record_age_in_seconds": 0,
            "maximum_retry_attempts": 0,
            "metrics_config": [],
            "parallelization_factor": 0,
            "provisioned_poller_config": [],
            "queues": [],
            "region": "us-east-1",
            "scaling_config": [],
            "self_managed_event_source": [],
            "self_managed_kafka_event_source_config": [],
            "source_access_configuration": [],
            "starting_position": "",
            "starting_position_timestamp": "",
            "state": "Enabled",
            "state_transition_reason": "USER_INITIATED",
            "tags": {},
            "tags_all": {},
            "timeouts": null,
            "topics": [],
            "tumbling_window_in_seconds": 0,
            "use_resource_timeout_for_propagation": null,
            "uuid": "2317804c-96ad-468c-b168-bb6e7ecfd877"
          },
          "sensitive_attributes": [],
          "identity_schema_version": 0,
          "identity": {
            "account_id": "097433159208",
            "region": "us-east-1",
            "uuid": "2317804c-96ad-468c-b168-bb6e7ecfd877"
          },
          "private": "eyJlMmJmYjczMC1lY2FhLTExZTYtOGY4OC0zNDM2M2JjN2M0YzAiOnsiY3JlYXRlIjo2MDAwMDAwMDAwMDAsImRlbGV0ZSI6MzAwMDAwMDAwMDAwLCJ1cGRhdGUiOjYwMDAwMDAwMDAwMH19",
          "dependencies": [
            "aws_cloudwatch_log_group.lambda",
            "aws_dynamodb_table.idempotency",
            "aws_iam_role.lambda",
            "aws_lambda_function.orders_consumer",
            "aws_sqs_queue.orders",
            "aws_sqs_queue.orders_dlq",
            "data.archive_file.lambda_zip"
          ]
        }
      ]
    },
    {
      "mode": "managed",
      "type": "aws_lambda_function",
      "name": "orders_consumer",
      "provider": "provider[\"registry.terraform.io/hashicorp/aws\"]",
      "instances": [
        {
          "schema_version": 0,
          "attributes": {
            "architectures": [
              "x86_64"
            ],
            "arn": "arn:aws:lambda:us-east-1:097433159208:function:workflow-demo-dev-orders-consumer",
            "capacity_provider_config": [],
            "code_sha256": "yozRRQNXzesZNErbDHIyoZCodGizOiMeyxRCbcpHNug=",
            "code_signing_config_arn": "",
            "dead_letter_config": [],
            "description": "",
            "durable_config": [],
            "environment": [
              {
                "variables": {
                  "ENVIRONMENT": "dev",
                  "IDEMPOTENCY_TABLE": "workflow-demo-dev-idempotency",
                  "METRICS_NAMESPACE": "workflow-demo/Application"
                }
              }
            ],
            "ephemeral_storage": [
              {
                "size": 512
              }
            ],
            "file_system_config": [],
            "filename": "./lambda.zip",
            "function_name": "workflow-demo-dev-orders-consumer",
            "handler": "handler.lambda_handler",
            "id": "workflow-demo-dev-orders-consumer",
            "image_config": [],
            "image_uri": "",
            "invoke_arn": "arn:aws:apigateway:us-east-1:lambda:path/2015-03-31/functions/arn:aws:lambda:us-east-1:097433159208:function:workflow-demo-dev-orders-consumer/invocations",
            "kms_key_arn": "",
            "last_modified": "2026-09-11T00:26:00.000+0000",
            "layers": [],
            "logging_config": [
              {
                "application_log_level": "",
                "log_format": "Text",
                "log_group": "/aws/lambda/workflow-demo-dev-orders-consumer",
                "system_log_level": ""
              }
            ],
            "memory_size": 128,
            "package_type": "Zip",
            "publish": false,
            "publish_to": null,
            "qualified_arn": "arn:aws:lambda:us-east-1:097433159208:function:workflow-demo-dev-orders-consumer:$LATEST",
            "qualified_invoke_arn": "arn:aws:apigateway:us-east-1:lambda:path/2015-03-31/functions/arn:aws:lambda:us-east-1:097433159208:function:workflow-demo-dev-orders-consumer:$LATEST/invocations",
            "region": "us-east-1",
            "replace_security_groups_on_destroy": null,
            "replacement_security_group_ids": null,
            "reserved_concurrent_executions": -1,
            "response_streaming_invoke_arn": "arn:aws:apigateway:us-east-1:lambda:path/2021-11-15/functions/arn:aws:lambda:us-east-1:097433159208:function:workflow-demo-dev-orders-consumer/response-streaming-invocations",
            "role": "arn:aws:iam::097433159208:role/workflow-demo-dev-lambda-role",
            "runtime": "python3.12",
            "s3_bucket": null,
            "s3_key": null,
            "s3_object_version": null,
            "signing_job_arn": "",
            "signing_profile_version_arn": "",
            "skip_destroy": false,
            "snap_start": [],
            "source_code_hash": "yozRRQNXzesZNErbDHIyoZCodGizOiMeyxRCbcpHNug=",
            "source_code_size": 2536,
            "source_kms_key_arn": "",
            "tags": {
              "Component": "lambda",
              "Environment": "dev",
              "ManagedBy": "terraform",
              "Project": "workflow-demo",
              "Service": "orders-workflow"
            },
            "tags_all": {
              "Component": "lambda",
              "Environment": "dev",
              "ManagedBy": "terraform",
              "Project": "workflow-demo",
              "Service": "orders-workflow"
            },
            "tenancy_config": [],
            "timeout": 30,
            "timeouts": null,
            "tracing_config": [
              {
                "mode": "PassThrough"
              }
            ],
            "use_resource_timeout_for_propagation": null,
            "version": "$LATEST",
            "vpc_config": []
          },
          "sensitive_attributes": [],
          "identity_schema_version": 0,
          "identity": {
            "account_id": "097433159208",
            "function_name": "workflow-demo-dev-orders-consumer",
            "region": "us-east-1"
          },
          "private": "eyJlMmJmYjczMC1lY2FhLTExZTYtOGY4OC0zNDM2M2JjN2M0YzAiOnsiY3JlYXRlIjo2MDAwMDAwMDAwMDAsImRlbGV0ZSI6NjAwMDAwMDAwMDAwLCJ1cGRhdGUiOjYwMDAwMDAwMDAwMH19",
          "dependencies": [
            "aws_cloudwatch_log_group.lambda",
            "aws_dynamodb_table.idempotency",
            "aws_iam_role.lambda",
            "data.archive_file.lambda_zip"
          ]
        }
      ]
    },
    {
      "mode": "managed",
      "type": "aws_lambda_permission",
      "name": "sqs",
      "provider": "provider[\"registry.terraform.io/hashicorp/aws\"]",
      "instances": [
        {
          "schema_version": 0,
          "attributes": {
            "action": "lambda:InvokeFunction",
            "event_source_token": null,
            "function_name": "workflow-demo-dev-orders-consumer",
            "function_url_auth_type": null,
            "id": "AllowExecutionFromSQS",
            "invoked_via_function_url": null,
            "principal": "sqs.amazonaws.com",
            "principal_org_id": null,
            "qualifier": "",
            "region": "us-east-1",
            "source_account": null,
            "source_arn": "arn:aws:sqs:us-east-1:097433159208:workflow-demo-dev-orders.fifo",
            "statement_id": "AllowExecutionFromSQS",
            "statement_id_prefix": "",
            "timeouts": null
          },
          "sensitive_attributes": [],
          "identity_schema_version": 0,
          "identity": {
            "account_id": "097433159208",
            "function_name": "workflow-demo-dev-orders-consumer",
            "qualifier": null,
            "region": "us-east-1",
            "statement_id": "AllowExecutionFromSQS"
          },
          "private": "eyJlMmJmYjczMC1lY2FhLTExZTYtOGY4OC0zNDM2M2JjN2M0YzAiOnsiY3JlYXRlIjozMDAwMDAwMDAwMDAsImRlbGV0ZSI6MzAwMDAwMDAwMDAwLCJyZWFkIjozMDAwMDAwMDAwMDB9fQ==",
          "dependencies": [
            "aws_cloudwatch_log_group.lambda",
            "aws_dynamodb_table.idempotency",
            "aws_iam_role.lambda",
            "aws_lambda_function.orders_consumer",
            "aws_sqs_queue.orders",
            "aws_sqs_queue.orders_dlq",
            "data.archive_file.lambda_zip"
          ]
        }
      ]
    },
    {
      "mode": "managed",
      "type": "aws_sns_topic",
      "name": "alerts",
      "provider": "provider[\"registry.terraform.io/hashicorp/aws\"]",
      "instances": [
        {
          "schema_version": 0,
          "attributes": {
            "application_failure_feedback_role_arn": "",
            "application_success_feedback_role_arn": "",
            "application_success_feedback_sample_rate": 0,
            "archive_policy": "",
            "arn": "arn:aws:sns:us-east-1:097433159208:workflow-demo-dev-observability-alerts",
            "beginning_archive_time": "",
            "content_based_deduplication": false,
            "delivery_policy": "",
            "display_name": "",
            "fifo_throughput_scope": "",
            "fifo_topic": false,
            "firehose_failure_feedback_role_arn": "",
            "firehose_success_feedback_role_arn": "",
            "firehose_success_feedback_sample_rate": 0,
            "http_failure_feedback_role_arn": "",
            "http_success_feedback_role_arn": "",
            "http_success_feedback_sample_rate": 0,
            "id": "arn:aws:sns:us-east-1:097433159208:workflow-demo-dev-observability-alerts",
            "kms_master_key_id": "",
            "lambda_failure_feedback_role_arn": "",
            "lambda_success_feedback_role_arn": "",
            "lambda_success_feedback_sample_rate": 0,
            "name": "workflow-demo-dev-observability-alerts",
            "name_prefix": "",
            "owner": "097433159208",
            "policy": "{\"Id\":\"__default_policy_ID\",\"Statement\":[{\"Action\":[\"SNS:GetTopicAttributes\",\"SNS:SetTopicAttributes\",\"SNS:AddPermission\",\"SNS:RemovePermission\",\"SNS:DeleteTopic\",\"SNS:Subscribe\",\"SNS:ListSubscriptionsByTopic\",\"SNS:Publish\"],\"Condition\":{\"StringEquals\":{\"AWS:SourceOwner\":\"097433159208\"}},\"Effect\":\"Allow\",\"Principal\":{\"AWS\":\"*\"},\"Resource\":\"arn:aws:sns:us-east-1:097433159208:workflow-demo-dev-observability-alerts\",\"Sid\":\"__default_statement_ID\"}],\"Version\":\"2008-10-17\"}",
            "region": "us-east-1",
            "signature_version": 0,
            "sqs_failure_feedback_role_arn": "",
            "sqs_success_feedback_role_arn": "",
            "sqs_success_feedback_sample_rate": 0,
            "tags": {
              "Component": "alerting",
              "Environment": "dev",
              "ManagedBy": "terraform",
              "Project": "workflow-demo",
              "Service": "orders-workflow"
            },
            "tags_all": {
              "Component": "alerting",
              "Environment": "dev",
              "ManagedBy": "terraform",
              "Project": "workflow-demo",
              "Service": "orders-workflow"
            },
            "tracing_config": ""
          },
          "sensitive_attributes": [],
          "identity_schema_version": 0,
          "identity": {
            "arn": "arn:aws:sns:us-east-1:097433159208:workflow-demo-dev-observability-alerts"
          },
          "private": "bnVsbA=="
        }
      ]
    },
    {
      "mode": "managed",
      "type": "aws_sqs_queue",
      "name": "orders",
      "provider": "provider[\"registry.terraform.io/hashicorp/aws\"]",
      "instances": [
        {
          "schema_version": 0,
          "attributes": {
            "arn": "arn:aws:sqs:us-east-1:097433159208:workflow-demo-dev-orders.fifo",
            "content_based_deduplication": true,
            "deduplication_scope": "queue",
            "delay_seconds": 0,
            "fifo_queue": true,
            "fifo_throughput_limit": "perQueue",
            "id": "https://sqs.us-east-1.amazonaws.com/097433159208/workflow-demo-dev-orders.fifo",
            "kms_data_key_reuse_period_seconds": 300,
            "kms_master_key_id": "",
            "max_message_size": 262144,
            "message_retention_seconds": 345600,
            "name": "workflow-demo-dev-orders.fifo",
            "name_prefix": "",
            "policy": "",
            "receive_wait_time_seconds": 0,
            "redrive_allow_policy": "",
            "redrive_policy": "{\"deadLetterTargetArn\":\"arn:aws:sqs:us-east-1:097433159208:workflow-demo-dev-orders-dlq.fifo\",\"maxReceiveCount\":3}",
            "region": "us-east-1",
            "sqs_managed_sse_enabled": true,
            "tags": {
              "Component": "sqs",
              "Environment": "dev",
              "ManagedBy": "terraform",
              "Project": "workflow-demo",
              "Service": "orders-workflow"
            },
            "tags_all": {
              "Component": "sqs",
              "Environment": "dev",
              "ManagedBy": "terraform",
              "Project": "workflow-demo",
              "Service": "orders-workflow"
            },
            "timeouts": null,
            "url": "https://sqs.us-east-1.amazonaws.com/097433159208/workflow-demo-dev-orders.fifo",
            "visibility_timeout_seconds": 60
          },
          "sensitive_attributes": [],
          "identity_schema_version": 1,
          "identity": {
            "url": "https://sqs.us-east-1.amazonaws.com/097433159208/workflow-demo-dev-orders.fifo"
          },
          "private": "eyJlMmJmYjczMC1lY2FhLTExZTYtOGY4OC0zNDM2M2JjN2M0YzAiOnsiY3JlYXRlIjoxODAwMDAwMDAwMDAsImRlbGV0ZSI6MTgwMDAwMDAwMDAwLCJ1cGRhdGUiOjE4MDAwMDAwMDAwMH19",
          "dependencies": [
            "aws_sqs_queue.orders_dlq"
          ]
        }
      ]
    },
    {
      "mode": "managed",
      "type": "aws_sqs_queue",
      "name": "orders_dlq",
      "provider": "provider[\"registry.terraform.io/hashicorp/aws\"]",
      "instances": [
        {
          "schema_version": 0,
          "attributes": {
            "arn": "arn:aws:sqs:us-east-1:097433159208:workflow-demo-dev-orders-dlq.fifo",
            "content_based_deduplication": true,
            "deduplication_scope": "queue",
            "delay_seconds": 0,
            "fifo_queue": true,
            "fifo_throughput_limit": "perQueue",
            "id": "https://sqs.us-east-1.amazonaws.com/097433159208/workflow-demo-dev-orders-dlq.fifo",
            "kms_data_key_reuse_period_seconds": 300,
            "kms_master_key_id": "",
            "max_message_size": 262144,
            "message_retention_seconds": 1209600,
            "name": "workflow-demo-dev-orders-dlq.fifo",
            "name_prefix": "",
            "policy": "",
            "receive_wait_time_seconds": 0,
            "redrive_allow_policy": "",
            "redrive_policy": "",
            "region": "us-east-1",
            "sqs_managed_sse_enabled": true,
            "tags": {
              "Component": "sqs-dlq",
              "Environment": "dev",
              "ManagedBy": "terraform",
              "Project": "workflow-demo",
              "Service": "orders-workflow"
            },
            "tags_all": {
              "Component": "sqs-dlq",
              "Environment": "dev",
              "ManagedBy": "terraform",
              "Project": "workflow-demo",
              "Service": "orders-workflow"
            },
            "timeouts": null,
            "url": "https://sqs.us-east-1.amazonaws.com/097433159208/workflow-demo-dev-orders-dlq.fifo",
            "visibility_timeout_seconds": 30
          },
          "sensitive_attributes": [],
          "identity_schema_version": 1,
          "identity": {
            "url": "https://sqs.us-east-1.amazonaws.com/097433159208/workflow-demo-dev-orders-dlq.fifo"
          },
          "private": "eyJlMmJmYjczMC1lY2FhLTExZTYtOGY4OC0zNDM2M2JjN2M0YzAiOnsiY3JlYXRlIjoxODAwMDAwMDAwMDAsImRlbGV0ZSI6MTgwMDAwMDAwMDAwLCJ1cGRhdGUiOjE4MDAwMDAwMDAwMH19"
        }
      ]
    }
  ],
  "check_results": [
    {
      "object_kind": "var",
      "config_addr": "var.log_retention_days",
      "status": "pass",
      "objects": [
        {
          "object_addr": "var.log_retention_days",
          "status": "pass"
        }
      ]
    },
    {
      "object_kind": "var",
      "config_addr": "var.environment",
      "status": "pass",
      "objects": [
        {
          "object_addr": "var.environment",
          "status": "pass"
        }
      ]
    }
  ]
}
